// !$*UTF8*$!
{
	archiveVersion = 1;
	classes = {
	};
	objectVersion = 50;
	objects = {

/* Begin PBXBuildFile section */
		A31349C226AEC96B00CA6768 /* OnboardingCardView.swift in Sources */ = {isa = PBXBuildFile; fileRef = A31349C126AEC96B00CA6768 /* OnboardingCardView.swift */; };
		A31349C426AECD8200CA6768 /* StartButtonView.swift in Sources */ = {isa = PBXBuildFile; fileRef = A31349C326AECD8200CA6768 /* StartButtonView.swift */; };
		A31349C626AEDBBD00CA6768 /* OnboardingView.swift in Sources */ = {isa = PBXBuildFile; fileRef = A31349C526AEDBBD00CA6768 /* OnboardingView.swift */; };
		A31349DF26B1643100CA6768 /* SearchBar.swift in Sources */ = {isa = PBXBuildFile; fileRef = A31349DE26B1643100CA6768 /* SearchBar.swift */; };
		A31349E126B1723A00CA6768 /* HealthGridView.swift in Sources */ = {isa = PBXBuildFile; fileRef = A31349E026B1723A00CA6768 /* HealthGridView.swift */; };
		A34EB9AA26A58E3900242E65 /* AlchemistApp.swift in Sources */ = {isa = PBXBuildFile; fileRef = A34EB9A926A58E3900242E65 /* AlchemistApp.swift */; };
		A34EB9AC26A58E3900242E65 /* ContentView.swift in Sources */ = {isa = PBXBuildFile; fileRef = A34EB9AB26A58E3900242E65 /* ContentView.swift */; };
		A34EB9AE26A58E3E00242E65 /* Assets.xcassets in Resources */ = {isa = PBXBuildFile; fileRef = A34EB9AD26A58E3E00242E65 /* Assets.xcassets */; };
		A34EB9B126A58E3E00242E65 /* Preview Assets.xcassets in Resources */ = {isa = PBXBuildFile; fileRef = A34EB9B026A58E3E00242E65 /* Preview Assets.xcassets */; };
		A392FE8C26ADEEB70090B544 /* SplashPage.swift in Sources */ = {isa = PBXBuildFile; fileRef = A392FE8B26ADEEB70090B544 /* SplashPage.swift */; };
		A392FE8E26ADEF3D0090B544 /* NavBarView.swift in Sources */ = {isa = PBXBuildFile; fileRef = A392FE8D26ADEF3D0090B544 /* NavBarView.swift */; };
		A392FE9026ADF4A10090B544 /* LogoView.swift in Sources */ = {isa = PBXBuildFile; fileRef = A392FE8F26ADF4A10090B544 /* LogoView.swift */; };
		A392FE9226ADFCA40090B544 /* Constants.swift in Sources */ = {isa = PBXBuildFile; fileRef = A392FE9126ADFCA40090B544 /* Constants.swift */; };
		A392FE9426AE00240090B544 /* CategoryItemView.swift in Sources */ = {isa = PBXBuildFile; fileRef = A392FE9326AE00240090B544 /* CategoryItemView.swift */; };
/* End PBXBuildFile section */

/* Begin PBXFileReference section */
		A31349C126AEC96B00CA6768 /* OnboardingCardView.swift */ = {isa = PBXFileReference; lastKnownFileType = sourcecode.swift; path = OnboardingCardView.swift; sourceTree = "<group>"; };
		A31349C326AECD8200CA6768 /* StartButtonView.swift */ = {isa = PBXFileReference; lastKnownFileType = sourcecode.swift; path = StartButtonView.swift; sourceTree = "<group>"; };
		A31349C526AEDBBD00CA6768 /* OnboardingView.swift */ = {isa = PBXFileReference; lastKnownFileType = sourcecode.swift; path = OnboardingView.swift; sourceTree = "<group>"; };
		A31349DE26B1643100CA6768 /* SearchBar.swift */ = {isa = PBXFileReference; lastKnownFileType = sourcecode.swift; path = SearchBar.swift; sourceTree = "<group>"; };
		A31349E026B1723A00CA6768 /* HealthGridView.swift */ = {isa = PBXFileReference; lastKnownFileType = sourcecode.swift; path = HealthGridView.swift; sourceTree = "<group>"; };
		A34EB9A626A58E3900242E65 /* Alchemist.app */ = {isa = PBXFileReference; explicitFileType = wrapper.application; includeInIndex = 0; path = Alchemist.app; sourceTree = BUILT_PRODUCTS_DIR; };
		A34EB9A926A58E3900242E65 /* AlchemistApp.swift */ = {isa = PBXFileReference; lastKnownFileType = sourcecode.swift; path = AlchemistApp.swift; sourceTree = "<group>"; };
		A34EB9AB26A58E3900242E65 /* ContentView.swift */ = {isa = PBXFileReference; lastKnownFileType = sourcecode.swift; path = ContentView.swift; sourceTree = "<group>"; };
		A34EB9AD26A58E3E00242E65 /* Assets.xcassets */ = {isa = PBXFileReference; lastKnownFileType = folder.assetcatalog; path = Assets.xcassets; sourceTree = "<group>"; };
		A34EB9B026A58E3E00242E65 /* Preview Assets.xcassets */ = {isa = PBXFileReference; lastKnownFileType = folder.assetcatalog; path = "Preview Assets.xcassets"; sourceTree = "<group>"; };
		A34EB9B226A58E3E00242E65 /* Info.plist */ = {isa = PBXFileReference; lastKnownFileType = text.plist.xml; path = Info.plist; sourceTree = "<group>"; };
		A392FE8B26ADEEB70090B544 /* SplashPage.swift */ = {isa = PBXFileReference; lastKnownFileType = sourcecode.swift; path = SplashPage.swift; sourceTree = "<group>"; };
		A392FE8D26ADEF3D0090B544 /* NavBarView.swift */ = {isa = PBXFileReference; lastKnownFileType = sourcecode.swift; path = NavBarView.swift; sourceTree = "<group>"; };
		A392FE8F26ADF4A10090B544 /* LogoView.swift */ = {isa = PBXFileReference; lastKnownFileType = sourcecode.swift; path = LogoView.swift; sourceTree = "<group>"; };
		A392FE9126ADFCA40090B544 /* Constants.swift */ = {isa = PBXFileReference; lastKnownFileType = sourcecode.swift; path = Constants.swift; sourceTree = "<group>"; };
		A392FE9326AE00240090B544 /* CategoryItemView.swift */ = {isa = PBXFileReference; lastKnownFileType = sourcecode.swift; path = CategoryItemView.swift; sourceTree = "<group>"; };
/* End PBXFileReference section */

/* Begin PBXFrameworksBuildPhase section */
		A34EB9A326A58E3900242E65 /* Frameworks */ = {
			isa = PBXFrameworksBuildPhase;
			buildActionMask = 2147483647;
			files = (
			);
			runOnlyForDeploymentPostprocessing = 0;
		};
/* End PBXFrameworksBuildPhase section */

/* Begin PBXGroup section */
		A31349C726AF44E000CA6768 /* ListItemsHome */ = {
			isa = PBXGroup;
			children = (
				A392FE9326AE00240090B544 /* CategoryItemView.swift */,
			);
			path = ListItemsHome;
			sourceTree = "<group>";
		};
		A34EB99D26A58E3800242E65 = {
			isa = PBXGroup;
			children = (
				A34EB9A826A58E3900242E65 /* Alchemist */,
				A34EB9A726A58E3900242E65 /* Products */,
			);
			sourceTree = "<group>";
		};
		A34EB9A726A58E3900242E65 /* Products */ = {
			isa = PBXGroup;
			children = (
				A34EB9A626A58E3900242E65 /* Alchemist.app */,
			);
			name = Products;
			sourceTree = "<group>";
		};
		A34EB9A826A58E3900242E65 /* Alchemist */ = {
			isa = PBXGroup;
			children = (
				A392FE8A26ADEE800090B544 /* App */,
				A392FE8926ADEE740090B544 /* Model */,
				A392FE8826ADEE6A0090B544 /* View */,
				A34EB9A926A58E3900242E65 /* AlchemistApp.swift */,
				A34EB9AB26A58E3900242E65 /* ContentView.swift */,
				A34EB9AD26A58E3E00242E65 /* Assets.xcassets */,
				A34EB9B226A58E3E00242E65 /* Info.plist */,
				A34EB9AF26A58E3E00242E65 /* Preview Content */,
			);
			path = Alchemist;
			sourceTree = "<group>";
		};
		A34EB9AF26A58E3E00242E65 /* Preview Content */ = {
			isa = PBXGroup;
			children = (
				A34EB9B026A58E3E00242E65 /* Preview Assets.xcassets */,
			);
			path = "Preview Content";
			sourceTree = "<group>";
		};
		A392FE8826ADEE6A0090B544 /* View */ = {
			isa = PBXGroup;
			children = (
				A31349C726AF44E000CA6768 /* ListItemsHome */,
				A392FE9526AEB2190090B544 /* Onboarding */,
				A392FE8B26ADEEB70090B544 /* SplashPage.swift */,
				A392FE8D26ADEF3D0090B544 /* NavBarView.swift */,
				A392FE8F26ADF4A10090B544 /* LogoView.swift */,
				A31349DE26B1643100CA6768 /* SearchBar.swift */,
				A31349E026B1723A00CA6768 /* HealthGridView.swift */,
			);
			path = View;
			sourceTree = "<group>";
		};
		A392FE8926ADEE740090B544 /* Model */ = {
			isa = PBXGroup;
			children = (
				A392FE9126ADFCA40090B544 /* Constants.swift */,
			);
			path = Model;
			sourceTree = "<group>";
		};
		A392FE8A26ADEE800090B544 /* App */ = {
			isa = PBXGroup;
			children = (
			);
			path = App;
			sourceTree = "<group>";
		};
		A392FE9526AEB2190090B544 /* Onboarding */ = {
			isa = PBXGroup;
			children = (
				A31349C126AEC96B00CA6768 /* OnboardingCardView.swift */,
				A31349C326AECD8200CA6768 /* StartButtonView.swift */,
				A31349C526AEDBBD00CA6768 /* OnboardingView.swift */,
			);
			path = Onboarding;
			sourceTree = "<group>";
		};
/* End PBXGroup section */

/* Begin PBXNativeTarget section */
		A34EB9A526A58E3900242E65 /* Alchemist */ = {
			isa = PBXNativeTarget;
			buildConfigurationList = A34EB9B526A58E3E00242E65 /* Build configuration list for PBXNativeTarget "Alchemist" */;
			buildPhases = (
				A34EB9A226A58E3900242E65 /* Sources */,
				A34EB9A326A58E3900242E65 /* Frameworks */,
				A34EB9A426A58E3900242E65 /* Resources */,
			);
			buildRules = (
			);
			dependencies = (
			);
			name = Alchemist;
			productName = Alchemist;
			productReference = A34EB9A626A58E3900242E65 /* Alchemist.app */;
			productType = "com.apple.product-type.application";
		};
/* End PBXNativeTarget section */

/* Begin PBXProject section */
		A34EB99E26A58E3800242E65 /* Project object */ = {
			isa = PBXProject;
			attributes = {
				LastSwiftUpdateCheck = 1250;
				LastUpgradeCheck = 1250;
				TargetAttributes = {
					A34EB9A526A58E3900242E65 = {
						CreatedOnToolsVersion = 12.5.1;
					};
				};
			};
			buildConfigurationList = A34EB9A126A58E3800242E65 /* Build configuration list for PBXProject "Alchemist" */;
			compatibilityVersion = "Xcode 9.3";
			developmentRegion = en;
			hasScannedForEncodings = 0;
			knownRegions = (
				en,
				Base,
			);
			mainGroup = A34EB99D26A58E3800242E65;
			productRefGroup = A34EB9A726A58E3900242E65 /* Products */;
			projectDirPath = "";
			projectRoot = "";
			targets = (
				A34EB9A526A58E3900242E65 /* Alchemist */,
			);
		};
/* End PBXProject section */

/* Begin PBXResourcesBuildPhase section */
		A34EB9A426A58E3900242E65 /* Resources */ = {
			isa = PBXResourcesBuildPhase;
			buildActionMask = 2147483647;
			files = (
				A34EB9B126A58E3E00242E65 /* Preview Assets.xcassets in Resources */,
				A34EB9AE26A58E3E00242E65 /* Assets.xcassets in Resources */,
			);
			runOnlyForDeploymentPostprocessing = 0;
		};
/* End PBXResourcesBuildPhase section */

/* Begin PBXSourcesBuildPhase section */
		A34EB9A226A58E3900242E65 /* Sources */ = {
			isa = PBXSourcesBuildPhase;
			buildActionMask = 2147483647;
			files = (
				A31349C426AECD8200CA6768 /* StartButtonView.swift in Sources */,
				A392FE9026ADF4A10090B544 /* LogoView.swift in Sources */,
				A31349DF26B1643100CA6768 /* SearchBar.swift in Sources */,
				A392FE8E26ADEF3D0090B544 /* NavBarView.swift in Sources */,
				A31349C626AEDBBD00CA6768 /* OnboardingView.swift in Sources */,
				A34EB9AC26A58E3900242E65 /* ContentView.swift in Sources */,
				A31349E126B1723A00CA6768 /* HealthGridView.swift in Sources */,
				A31349C226AEC96B00CA6768 /* OnboardingCardView.swift in Sources */,
				A392FE9426AE00240090B544 /* CategoryItemView.swift in Sources */,
				A392FE8C26ADEEB70090B544 /* SplashPage.swift in Sources */,
				A34EB9AA26A58E3900242E65 /* AlchemistApp.swift in Sources */,
				A392FE9226ADFCA40090B544 /* Constants.swift in Sources */,
			);
			runOnlyForDeploymentPostprocessing = 0;
		};
/* End PBXSourcesBuildPhase section */

/* Begin XCBuildConfiguration section */
		A34EB9B326A58E3E00242E65 /* Debug */ = {
			isa = XCBuildConfiguration;
			buildSettings = {
				ALWAYS_SEARCH_USER_PATHS = NO;
				CLANG_ANALYZER_NONNULL = YES;
				CLANG_ANALYZER_NUMBER_OBJECT_CONVERSION = YES_AGGRESSIVE;
				CLANG_CXX_LANGUAGE_STANDARD = "gnu++14";
				CLANG_CXX_LIBRARY = "libc++";
				CLANG_ENABLE_MODULES = YES;
				CLANG_ENABLE_OBJC_ARC = YES;
				CLANG_ENABLE_OBJC_WEAK = YES;
				CLANG_WARN_BLOCK_CAPTURE_AUTORELEASING = YES;
				CLANG_WARN_BOOL_CONVERSION = YES;
				CLANG_WARN_COMMA = YES;
				CLANG_WARN_CONSTANT_CONVERSION = YES;
				CLANG_WARN_DEPRECATED_OBJC_IMPLEMENTATIONS = YES;
				CLANG_WARN_DIRECT_OBJC_ISA_USAGE = YES_ERROR;
				CLANG_WARN_DOCUMENTATION_COMMENTS = YES;
				CLANG_WARN_EMPTY_BODY = YES;
				CLANG_WARN_ENUM_CONVERSION = YES;
				CLANG_WARN_INFINITE_RECURSION = YES;
				CLANG_WARN_INT_CONVERSION = YES;
				CLANG_WARN_NON_LITERAL_NULL_CONVERSION = YES;
				CLANG_WARN_OBJC_IMPLICIT_RETAIN_SELF = YES;
				CLANG_WARN_OBJC_LITERAL_CONVERSION = YES;
				CLANG_WARN_OBJC_ROOT_CLASS = YES_ERROR;
				CLANG_WARN_QUOTED_INCLUDE_IN_FRAMEWORK_HEADER = YES;
				CLANG_WARN_RANGE_LOOP_ANALYSIS = YES;
				CLANG_WARN_STRICT_PROTOTYPES = YES;
				CLANG_WARN_SUSPICIOUS_MOVE = YES;
				CLANG_WARN_UNGUARDED_AVAILABILITY = YES_AGGRESSIVE;
				CLANG_WARN_UNREACHABLE_CODE = YES;
				CLANG_WARN__DUPLICATE_METHOD_MATCH = YES;
				COPY_PHASE_STRIP = NO;
				DEBUG_INFORMATION_FORMAT = dwarf;
				ENABLE_STRICT_OBJC_MSGSEND = YES;
				ENABLE_TESTABILITY = YES;
				GCC_C_LANGUAGE_STANDARD = gnu11;
				GCC_DYNAMIC_NO_PIC = NO;
				GCC_NO_COMMON_BLOCKS = YES;
				GCC_OPTIMIZATION_LEVEL = 0;
				GCC_PREPROCESSOR_DEFINITIONS = (
					"DEBUG=1",
					"$(inherited)",
				);
				GCC_WARN_64_TO_32_BIT_CONVERSION = YES;
				GCC_WARN_ABOUT_RETURN_TYPE = YES_ERROR;
				GCC_WARN_UNDECLARED_SELECTOR = YES;
				GCC_WARN_UNINITIALIZED_AUTOS = YES_AGGRESSIVE;
				GCC_WARN_UNUSED_FUNCTION = YES;
				GCC_WARN_UNUSED_VARIABLE = YES;
				IPHONEOS_DEPLOYMENT_TARGET = 14.5;
				MTL_ENABLE_DEBUG_INFO = INCLUDE_SOURCE;
				MTL_FAST_MATH = YES;
				ONLY_ACTIVE_ARCH = YES;
				SDKROOT = iphoneos;
				SWIFT_ACTIVE_COMPILATION_CONDITIONS = DEBUG;
				SWIFT_OPTIMIZATION_LEVEL = "-Onone";
			};
			name = Debug;
		};
		A34EB9B426A58E3E00242E65 /* Release */ = {
			isa = XCBuildConfiguration;
			buildSettings = {
				ALWAYS_SEARCH_USER_PATHS = NO;
				CLANG_ANALYZER_NONNULL = YES;
				CLANG_ANALYZER_NUMBER_OBJECT_CONVERSION = YES_AGGRESSIVE;
				CLANG_CXX_LANGUAGE_STANDARD = "gnu++14";
				CLANG_CXX_LIBRARY = "libc++";
				CLANG_ENABLE_MODULES = YES;
				CLANG_ENABLE_OBJC_ARC = YES;
				CLANG_ENABLE_OBJC_WEAK = YES;
				CLANG_WARN_BLOCK_CAPTURE_AUTORELEASING = YES;
				CLANG_WARN_BOOL_CONVERSION = YES;
				CLANG_WARN_COMMA = YES;
				CLANG_WARN_CONSTANT_CONVERSION = YES;
				CLANG_WARN_DEPRECATED_OBJC_IMPLEMENTATIONS = YES;
				CLANG_WARN_DIRECT_OBJC_ISA_USAGE = YES_ERROR;
				CLANG_WARN_DOCUMENTATION_COMMENTS = YES;
				CLANG_WARN_EMPTY_BODY = YES;
				CLANG_WARN_ENUM_CONVERSION = YES;
				CLANG_WARN_INFINITE_RECURSION = YES;
				CLANG_WARN_INT_CONVERSION = YES;
				CLANG_WARN_NON_LITERAL_NULL_CONVERSION = YES;
				CLANG_WARN_OBJC_IMPLICIT_RETAIN_SELF = YES;
				CLANG_WARN_OBJC_LITERAL_CONVERSION = YES;
				CLANG_WARN_OBJC_ROOT_CLASS = YES_ERROR;
				CLANG_WARN_QUOTED_INCLUDE_IN_FRAMEWORK_HEADER = YES;
				CLANG_WARN_RANGE_LOOP_ANALYSIS = YES;
				CLANG_WARN_STRICT_PROTOTYPES = YES;
				CLANG_WARN_SUSPICIOUS_MOVE = YES;
				CLANG_WARN_UNGUARDED_AVAILABILITY = YES_AGGRESSIVE;
				CLANG_WARN_UNREACHABLE_CODE = YES;
				CLANG_WARN__DUPLICATE_METHOD_MATCH = YES;
				COPY_PHASE_STRIP = NO;
				DEBUG_INFORMATION_FORMAT = "dwarf-with-dsym";
				ENABLE_NS_ASSERTIONS = NO;
				ENABLE_STRICT_OBJC_MSGSEND = YES;
				GCC_C_LANGUAGE_STANDARD = gnu11;
				GCC_NO_COMMON_BLOCKS = YES;
				GCC_WARN_64_TO_32_BIT_CONVERSION = YES;
				GCC_WARN_ABOUT_RETURN_TYPE = YES_ERROR;
				GCC_WARN_UNDECLARED_SELECTOR = YES;
				GCC_WARN_UNINITIALIZED_AUTOS = YES_AGGRESSIVE;
				GCC_WARN_UNUSED_FUNCTION = YES;
				GCC_WARN_UNUSED_VARIABLE = YES;
				IPHONEOS_DEPLOYMENT_TARGET = 14.5;
				MTL_ENABLE_DEBUG_INFO = NO;
				MTL_FAST_MATH = YES;
				SDKROOT = iphoneos;
				SWIFT_COMPILATION_MODE = wholemodule;
				SWIFT_OPTIMIZATION_LEVEL = "-O";
				VALIDATE_PRODUCT = YES;
			};
			name = Release;
		};
		A34EB9B626A58E3E00242E65 /* Debug */ = {
			isa = XCBuildConfiguration;
			buildSettings = {
				ASSETCATALOG_COMPILER_APPICON_NAME = AppIcon;
				ASSETCATALOG_COMPILER_GLOBAL_ACCENT_COLOR_NAME = AccentColor;
				CODE_SIGN_STYLE = Automatic;
				DEVELOPMENT_ASSET_PATHS = "\"Alchemist/Preview Content\"";
				ENABLE_PREVIEWS = YES;
				INFOPLIST_FILE = Alchemist/Info.plist;
				IPHONEOS_DEPLOYMENT_TARGET = 14.0;
				LD_RUNPATH_SEARCH_PATHS = (
					"$(inherited)",
					"@executable_path/Frameworks",
				);
				PRODUCT_BUNDLE_IDENTIFIER = com.claudia.Alchemist;
				PRODUCT_NAME = "$(TARGET_NAME)";
				SWIFT_VERSION = 5.0;
				TARGETED_DEVICE_FAMILY = "1,2";
			};
			name = Debug;
		};
		A34EB9B726A58E3E00242E65 /* Release */ = {
			isa = XCBuildConfiguration;
			buildSettings = {
				ASSETCATALOG_COMPILER_APPICON_NAME = AppIcon;
				ASSETCATALOG_COMPILER_GLOBAL_ACCENT_COLOR_NAME = AccentColor;
				CODE_SIGN_STYLE = Automatic;
				DEVELOPMENT_ASSET_PATHS = "\"Alchemist/Preview Content\"";
				ENABLE_PREVIEWS = YES;
				INFOPLIST_FILE = Alchemist/Info.plist;
				IPHONEOS_DEPLOYMENT_TARGET = 14.0;
				LD_RUNPATH_SEARCH_PATHS = (
					"$(inherited)",
					"@executable_path/Frameworks",
				);
				PRODUCT_BUNDLE_IDENTIFIER = com.claudia.Alchemist;
				PRODUCT_NAME = "$(TARGET_NAME)";
				SWIFT_VERSION = 5.0;
				TARGETED_DEVICE_FAMILY = "1,2";
			};
			name = Release;
		};
/* End XCBuildConfiguration section */

/* Begin XCConfigurationList section */
		A34EB9A126A58E3800242E65 /* Build configuration list for PBXProject "Alchemist" */ = {
			isa = XCConfigurationList;
			buildConfigurations = (
				A34EB9B326A58E3E00242E65 /* Debug */,
				A34EB9B426A58E3E00242E65 /* Release */,
			);
			defaultConfigurationIsVisible = 0;
			defaultConfigurationName = Release;
		};
		A34EB9B526A58E3E00242E65 /* Build configuration list for PBXNativeTarget "Alchemist" */ = {
			isa = XCConfigurationList;
			buildConfigurations = (
				A34EB9B626A58E3E00242E65 /* Debug */,
				A34EB9B726A58E3E00242E65 /* Release */,
			);
			defaultConfigurationIsVisible = 0;
			defaultConfigurationName = Release;
		};
/* End XCConfigurationList section */
	};
	rootObject = A34EB99E26A58E3800242E65 /* Project object */;
}
